# Generated by pub
# See https://dart.dev/tools/pub/glossary#lockfile
packages:
  archive:
    dependency: transitive
    description:
      name: archive
      sha256: d6347d54a2d8028e0437e3c099f66fdb8ae02c4720c1e7534c9f24c10351f85d
      url: "https://pub.flutter-io.cn"
    source: hosted
    version: "3.3.6"
  args:
    dependency: transitive
    description:
      name: args
      sha256: eef6c46b622e0494a36c5a12d10d77fb4e855501a91c1b9ef9339326e58f0596
      url: "https://pub.flutter-io.cn"
    source: hosted
    version: "2.4.2"
  async:
    dependency: transitive
    description:
      name: async
      sha256: "947bfcf187f74dbc5e146c9eb9c0f10c9f8b30743e341481c1e2ed3ecc18c20c"
      url: "https://pub.flutter-io.cn"
    source: hosted
    version: "2.11.0"
  auto_size_text:
    dependency: "direct main"
    description:
      name: auto_size_text
      sha256: "3f5261cd3fb5f2a9ab4e2fc3fba84fd9fcaac8821f20a1d4e71f557521b22599"
      url: "https://pub.flutter-io.cn"
    source: hosted
    version: "3.0.0"
  badges:
    dependency: "direct main"
    description:
      name: badges
      sha256: "6e7f3ec561ec08f47f912cfe349d4a1707afdc8dda271e17b046aa6d42c89e77"
      url: "https://pub.flutter-io.cn"
    source: hosted
    version: "3.1.1"
  boolean_selector:
    dependency: transitive
    description:
      name: boolean_selector
      sha256: "6cfb5af12253eaf2b368f07bacc5a80d1301a071c73360d746b7f2e32d762c66"
      url: "https://pub.flutter-io.cn"
    source: hosted
    version: "2.1.1"
  cached_network_image:
    dependency: "direct main"
    description:
      name: cached_network_image
      sha256: fd3d0dc1d451f9a252b32d95d3f0c3c487bc41a75eba2e6097cb0b9c71491b15
      url: "https://pub.flutter-io.cn"
    source: hosted
    version: "3.2.3"
  cached_network_image_platform_interface:
    dependency: transitive
    description:
      name: cached_network_image_platform_interface
      sha256: bb2b8403b4ccdc60ef5f25c70dead1f3d32d24b9d6117cfc087f496b178594a7
      url: "https://pub.flutter-io.cn"
    source: hosted
    version: "2.0.0"
  cached_network_image_web:
    dependency: transitive
    description:
      name: cached_network_image_web
      sha256: b8eb814ebfcb4dea049680f8c1ffb2df399e4d03bf7a352c775e26fa06e02fa0
      url: "https://pub.flutter-io.cn"
    source: hosted
    version: "1.0.2"
  characters:
    dependency: transitive
    description:
      name: characters
      sha256: "04a925763edad70e8443c99234dc3328f442e811f1d8fd1a72f1c8ad0f69a605"
      url: "https://pub.flutter-io.cn"
    source: hosted
    version: "1.3.0"
  city_pickers:
    dependency: "direct main"
    description:
      path: "package/city_pickers"
      relative: true
    source: path
    version: "1.2.1"
  clock:
    dependency: transitive
    description:
      name: clock
      sha256: cb6d7f03e1de671e34607e909a7213e31d7752be4fb66a86d29fe1eb14bfb5cf
      url: "https://pub.flutter-io.cn"
    source: hosted
    version: "1.1.1"
  collection:
    dependency: transitive
    description:
      name: collection
      sha256: "4a07be6cb69c84d677a6c3096fcf960cc3285a8330b4603e0d463d15d9bd934c"
      url: "https://pub.flutter-io.cn"
    source: hosted
    version: "1.17.1"
  connectivity_plus:
    dependency: transitive
    description:
      name: connectivity_plus
      sha256: "8599ae9edca5ff96163fca3e36f8e481ea917d1e71cdad912c084b5579913f34"
      url: "https://pub.flutter-io.cn"
    source: hosted
    version: "4.0.1"
  connectivity_plus_platform_interface:
    dependency: transitive
    description:
      name: connectivity_plus_platform_interface
      sha256: cf1d1c28f4416f8c654d7dc3cd638ec586076255d407cef3ddbdaf178272a71a
      url: "https://pub.flutter-io.cn"
    source: hosted
    version: "1.2.4"
  convert:
    dependency: transitive
    description:
      name: convert
      sha256: "0f08b14755d163f6e2134cb58222dd25ea2a2ee8a195e53983d57c075324d592"
      url: "https://pub.flutter-io.cn"
    source: hosted
    version: "3.1.1"
  cookie_jar:
    dependency: transitive
    description:
      name: cookie_jar
      sha256: "1024f3a52bee181fc8f10f4a359085471587d7406323090a53a7171bc0aa5c37"
      url: "https://pub.flutter-io.cn"
    source: hosted
    version: "4.0.5"
  crypto:
    dependency: transitive
    description:
      name: crypto
      sha256: aa274aa7774f8964e4f4f38cc994db7b6158dd36e9187aaceaddc994b35c6c67
      url: "https://pub.flutter-io.cn"
    source: hosted
    version: "3.0.2"
  csslib:
    dependency: transitive
    description:
      name: csslib
      sha256: b36c7f7e24c0bdf1bf9a3da461c837d1de64b9f8beb190c9011d8c72a3dfd745
      url: "https://pub.flutter-io.cn"
    source: hosted
    version: "0.17.2"
  cupertino_icons:
    dependency: "direct main"
    description:
      name: cupertino_icons
      sha256: e35129dc44c9118cee2a5603506d823bab99c68393879edb440e0090d07586be
      url: "https://pub.flutter-io.cn"
    source: hosted
    version: "1.0.5"
  dbus:
    dependency: transitive
    description:
      name: dbus
      sha256: "6f07cba3f7b3448d42d015bfd3d53fe12e5b36da2423f23838efc1d5fb31a263"
      url: "https://pub.flutter-io.cn"
    source: hosted
    version: "0.7.8"
  dio:
    dependency: transitive
    description:
      name: dio
      sha256: a9d76e72985d7087eb7c5e7903224ae52b337131518d127c554b9405936752b8
      url: "https://pub.flutter-io.cn"
    source: hosted
    version: "5.2.1+1"
  dio_cookie_manager:
    dependency: transitive
    description:
      name: dio_cookie_manager
      sha256: c4b7a693aa09efd694a5c5e12065daa5e026647b106245281ed1042b3ebefb8f
      url: "https://pub.flutter-io.cn"
    source: hosted
    version: "3.1.0"
  easy_debounce:
    dependency: transitive
    description:
      name: easy_debounce
      sha256: f082609cfb8f37defb9e37fc28bc978c6712dedf08d4c5a26f820fa10165a236
      url: "https://pub.flutter-io.cn"
    source: hosted
    version: "2.0.3"
  easy_refresh:
    dependency: "direct main"
    description:
      name: easy_refresh
      sha256: "77b025ea49f27b5ebc5eef40a6678be52564c293bd97ce91a4088d6646478329"
      url: "https://pub.flutter-io.cn"
    source: hosted
    version: "3.3.2+1"
  extended_list:
    dependency: transitive
    description:
      name: extended_list
      sha256: "7eb3c21cd8b7710b0092cb0606807cd24614e5832e65f370e5dee226d317de44"
      url: "https://pub.flutter-io.cn"
    source: hosted
    version: "3.0.0"
  extended_list_library:
    dependency: transitive
    description:
      name: extended_list_library
      sha256: cb424a04464e89bd6737f9ae025029bd8e913c7bf37101ad10c2defe0238d842
      url: "https://pub.flutter-io.cn"
    source: hosted
    version: "3.0.0"
  extended_nested_scroll_view:
    dependency: "direct main"
    description:
      name: extended_nested_scroll_view
      sha256: "49c0de4f648a7ed4dc5501db7855aec38582d076ef61bb1708ba73d58f0f2525"
      url: "https://pub.flutter-io.cn"
    source: hosted
    version: "6.1.1"
  fake_async:
    dependency: transitive
    description:
      name: fake_async
      sha256: "511392330127add0b769b75a987850d136345d9227c6b94c96a04cf4a391bf78"
      url: "https://pub.flutter-io.cn"
    source: hosted
    version: "1.3.1"
  ffi:
    dependency: transitive
    description:
      name: ffi
      sha256: a38574032c5f1dd06c4aee541789906c12ccaab8ba01446e800d9c5b79c4a978
      url: "https://pub.flutter-io.cn"
    source: hosted
    version: "2.0.1"
  file:
    dependency: transitive
    description:
      name: file
      sha256: "1b92bec4fc2a72f59a8e15af5f52cd441e4a7860b49499d69dfa817af20e925d"
      url: "https://pub.flutter-io.cn"
    source: hosted
    version: "6.1.4"
  flutter:
    dependency: "direct main"
    description: flutter
    source: sdk
    version: "0.0.0"
  flutter_blurhash:
    dependency: transitive
    description:
      name: flutter_blurhash
      sha256: "05001537bd3fac7644fa6558b09ec8c0a3f2eba78c0765f88912882b1331a5c6"
      url: "https://pub.flutter-io.cn"
    source: hosted
    version: "0.7.0"
  flutter_bugly:
    dependency: "direct main"
    description:
      name: flutter_bugly
      sha256: a2d13cb35bedb907cb020ea4862264dcc9044675a49a8313bb3ab2e61af79c77
      url: "https://pub.flutter-io.cn"
    source: hosted
    version: "0.4.4"
  flutter_cache_manager:
    dependency: transitive
    description:
      name: flutter_cache_manager
      sha256: "32cd900555219333326a2d0653aaaf8671264c29befa65bbd9856d204a4c9fb3"
      url: "https://pub.flutter-io.cn"
    source: hosted
    version: "3.3.0"
  flutter_core:
    dependency: "direct main"
    description:
      path: flutter_core
      relative: true
    source: path
    version: "0.0.1"
  flutter_lints:
    dependency: "direct dev"
    description:
      name: flutter_lints
      sha256: aeb0b80a8b3709709c9cc496cdc027c5b3216796bc0af0ce1007eaf24464fd4c
      url: "https://pub.flutter-io.cn"
    source: hosted
    version: "2.0.1"
  flutter_localizations:
    dependency: "direct main"
    description: flutter
    source: sdk
    version: "0.0.0"
  flutter_native_splash:
    dependency: "direct main"
    description:
      name: flutter_native_splash
      sha256: ba45d8cfbd778478a74696b012f33ffb6b1760c9bc531b21e2964444a4870dae
      url: "https://pub.flutter-io.cn"
    source: hosted
    version: "2.3.1"
  flutter_screenutil:
    dependency: transitive
    description:
      name: flutter_screenutil
      sha256: "1b61f8c4cbf965104b6ca7160880ff1af6755aad7fec70b58444245132453745"
      url: "https://pub.flutter-io.cn"
    source: hosted
    version: "5.8.4"
  flutter_smart_dialog:
    dependency: transitive
    description:
      name: flutter_smart_dialog
      sha256: acf66eb7b10ebb3173ef6f40040c0808d4fd56ade885cc850657b5463d3b602a
      url: "https://pub.flutter-io.cn"
    source: hosted
    version: "4.9.2"
  flutter_swiper_view:
    dependency: "direct main"
    description:
      name: flutter_swiper_view
      sha256: "2a165b259e8a4c49d4da5626b967ed42a73dac2d075bd9e266ad8d23b9f01879"
      url: "https://pub.flutter-io.cn"
    source: hosted
    version: "1.1.8"
  flutter_test:
    dependency: "direct dev"
    description: flutter
    source: sdk
    version: "0.0.0"
  flutter_web_plugins:
    dependency: transitive
    description: flutter
    source: sdk
    version: "0.0.0"
  geolocator:
    dependency: "direct main"
    description:
      name: geolocator
      sha256: "5c23f3613f50586c0bbb2b8f970240ae66b3bd992088cf60dd5ee2e6f7dde3a8"
      url: "https://pub.flutter-io.cn"
    source: hosted
    version: "9.0.2"
  geolocator_android:
    dependency: transitive
    description:
      name: geolocator_android
      sha256: b06c72853c993ae533f482d81a12805d7a441f5231d9668718bc7131d7464082
      url: "https://pub.flutter-io.cn"
    source: hosted
    version: "4.2.0"
  geolocator_apple:
    dependency: transitive
    description:
      name: geolocator_apple
      sha256: "36527c555f4c425f7d8fa8c7c07d67b78e3ff7590d40448051959e1860c1cfb4"
      url: "https://pub.flutter-io.cn"
    source: hosted
    version: "2.2.7"
  geolocator_platform_interface:
    dependency: transitive
    description:
      name: geolocator_platform_interface
      sha256: af4d69231452f9620718588f41acc4cb58312368716bfff2e92e770b46ce6386
      url: "https://pub.flutter-io.cn"
    source: hosted
    version: "4.0.7"
  geolocator_web:
    dependency: transitive
    description:
      name: geolocator_web
      sha256: f68a122da48fcfff68bbc9846bb0b74ef651afe84a1b1f6ec20939de4d6860e1
      url: "https://pub.flutter-io.cn"
    source: hosted
    version: "2.1.6"
  geolocator_windows:
    dependency: transitive
    description:
      name: geolocator_windows
      sha256: f5911c88e23f48b598dd506c7c19eff0e001645bdc03bb6fecb9f4549208354d
      url: "https://pub.flutter-io.cn"
    source: hosted
    version: "0.1.1"
  get:
    dependency: "direct main"
    description:
      name: get
      sha256: "2ba20a47c8f1f233bed775ba2dd0d3ac97b4cf32fc17731b3dfc672b06b0e92a"
      url: "https://pub.flutter-io.cn"
    source: hosted
    version: "4.6.5"
  go_router:
    dependency: "direct main"
    description:
      name: go_router
      sha256: "1531542666c2d052c44bbf6e2b48011bf3771da0404b94c60eabec1228a62906"
      url: "https://pub.flutter-io.cn"
    source: hosted
    version: "9.0.0"
  html:
    dependency: transitive
    description:
      name: html
      sha256: "3a7812d5bcd2894edf53dfaf8cd640876cf6cef50a8f238745c8b8120ea74d3a"
      url: "https://pub.flutter-io.cn"
    source: hosted
    version: "0.15.4"
  http:
    dependency: transitive
    description:
      name: http
      sha256: "6aa2946395183537c8b880962d935877325d6a09a2867c3970c05c0fed6ac482"
      url: "https://pub.flutter-io.cn"
    source: hosted
    version: "0.13.5"
  http_parser:
    dependency: transitive
    description:
      name: http_parser
      sha256: "2aa08ce0341cc9b354a498388e30986515406668dbcc4f7c950c3e715496693b"
      url: "https://pub.flutter-io.cn"
    source: hosted
    version: "4.0.2"
  image:
    dependency: transitive
    description:
      name: image
      sha256: a72242c9a0ffb65d03de1b7113bc4e189686fc07c7147b8b41811d0dd0e0d9bf
      url: "https://pub.flutter-io.cn"
    source: hosted
    version: "4.0.17"
  intl:
    dependency: transitive
    description:
      name: intl
      sha256: a3715e3bc90294e971cb7dc063fbf3cd9ee0ebf8604ffeafabd9e6f16abbdbe6
      url: "https://pub.flutter-io.cn"
    source: hosted
    version: "0.18.0"
  js:
    dependency: transitive
    description:
      name: js
      sha256: f2c445dce49627136094980615a031419f7f3eb393237e4ecd97ac15dea343f3
      url: "https://pub.flutter-io.cn"
    source: hosted
    version: "0.6.7"
  lints:
    dependency: transitive
    description:
      name: lints
      sha256: "5e4a9cd06d447758280a8ac2405101e0e2094d2a1dbdd3756aec3fe7775ba593"
      url: "https://pub.flutter-io.cn"
    source: hosted
    version: "2.0.1"
  loading_more_list:
    dependency: "direct main"
    description:
      name: loading_more_list
      sha256: aa680edc81cf024c394dccfa7ba1db701a5efb23ec1b8c657308428ce9da11d1
      url: "https://pub.flutter-io.cn"
    source: hosted
    version: "5.0.3"
  loading_more_list_library:
    dependency: transitive
    description:
      name: loading_more_list_library
      sha256: "31348925a98748ffe04f661e4b47df37103fabad39442064fcf59148a5fee2dd"
      url: "https://pub.flutter-io.cn"
    source: hosted
    version: "2.0.1"
  localstorage:
    dependency: transitive
    description:
      name: localstorage
      sha256: fdff4f717114e992acfd4045dc4a9ab9b987ca57f020965d63e3eb34089c60d8
      url: "https://pub.flutter-io.cn"
    source: hosted
    version: "4.0.1+4"
  logger:
    dependency: transitive
    description:
      name: logger
      sha256: "7ad7215c15420a102ec687bb320a7312afd449bac63bfb1c60d9787c27b9767f"
      url: "https://pub.flutter-io.cn"
    source: hosted
    version: "1.4.0"
  logging:
    dependency: transitive
    description:
      name: logging
      sha256: "04094f2eb032cbb06c6f6e8d3607edcfcb0455e2bb6cbc010cb01171dcb64e6d"
      url: "https://pub.flutter-io.cn"
    source: hosted
    version: "1.1.1"
  lpinyin:
    dependency: transitive
    description:
      name: lpinyin
      sha256: "0bb843363f1f65170efd09fbdfc760c7ec34fc6354f9fcb2f89e74866a0d814a"
      url: "https://pub.flutter-io.cn"
    source: hosted
    version: "2.0.3"
  matcher:
    dependency: transitive
    description:
      name: matcher
      sha256: "6501fbd55da300384b768785b83e5ce66991266cec21af89ab9ae7f5ce1c4cbb"
      url: "https://pub.flutter-io.cn"
    source: hosted
    version: "0.12.15"
  material_color_utilities:
    dependency: transitive
    description:
      name: material_color_utilities
      sha256: d92141dc6fe1dad30722f9aa826c7fbc896d021d792f80678280601aff8cf724
      url: "https://pub.flutter-io.cn"
    source: hosted
    version: "0.2.0"
  meta:
    dependency: transitive
    description:
      name: meta
      sha256: "3c74dbf8763d36539f114c799d8a2d87343b5067e9d796ca22b5eb8437090ee3"
      url: "https://pub.flutter-io.cn"
    source: hosted
    version: "1.9.1"
  nm:
    dependency: transitive
    description:
      name: nm
      sha256: "2c9aae4127bdc8993206464fcc063611e0e36e72018696cd9631023a31b24254"
      url: "https://pub.flutter-io.cn"
    source: hosted
    version: "0.5.0"
  octo_image:
    dependency: transitive
    description:
      name: octo_image
      sha256: "107f3ed1330006a3bea63615e81cf637433f5135a52466c7caa0e7152bca9143"
      url: "https://pub.flutter-io.cn"
    source: hosted
    version: "1.0.2"
  package_info_plus:
    dependency: "direct main"
    description:
      name: package_info_plus
      sha256: ceb027f6bc6a60674a233b4a90a7658af1aebdea833da0b5b53c1e9821a78c7b
      url: "https://pub.flutter-io.cn"
    source: hosted
    version: "4.0.2"
  package_info_plus_platform_interface:
    dependency: transitive
    description:
      name: package_info_plus_platform_interface
      sha256: "9bc8ba46813a4cc42c66ab781470711781940780fd8beddd0c3da62506d3a6c6"
      url: "https://pub.flutter-io.cn"
    source: hosted
    version: "2.0.1"
  path:
    dependency: transitive
    description:
      name: path
      sha256: "8829d8a55c13fc0e37127c29fedf290c102f4e40ae94ada574091fe0ff96c917"
      url: "https://pub.flutter-io.cn"
    source: hosted
    version: "1.8.3"
  path_drawing:
    dependency: transitive
    description:
      name: path_drawing
      sha256: bbb1934c0cbb03091af082a6389ca2080345291ef07a5fa6d6e078ba8682f977
      url: "https://pub.flutter-io.cn"
    source: hosted
    version: "1.0.1"
  path_parsing:
    dependency: transitive
    description:
      name: path_parsing
      sha256: e3e67b1629e6f7e8100b367d3db6ba6af4b1f0bb80f64db18ef1fbabd2fa9ccf
      url: "https://pub.flutter-io.cn"
    source: hosted
    version: "1.0.1"
  path_provider:
    dependency: transitive
    description:
      name: path_provider
      sha256: "3087813781ab814e4157b172f1a11c46be20179fcc9bea043e0fba36bc0acaa2"
      url: "https://pub.flutter-io.cn"
    source: hosted
    version: "2.0.15"
  path_provider_android:
    dependency: transitive
    description:
      name: path_provider_android
      sha256: a776c088d671b27f6e3aa8881d64b87b3e80201c64e8869b811325de7a76c15e
      url: "https://pub.flutter-io.cn"
    source: hosted
    version: "2.0.22"
  path_provider_foundation:
    dependency: transitive
    description:
      name: path_provider_foundation
      sha256: "62a68e7e1c6c459f9289859e2fae58290c981ce21d1697faf54910fe1faa4c74"
      url: "https://pub.flutter-io.cn"
    source: hosted
    version: "2.1.1"
  path_provider_linux:
    dependency: transitive
    description:
      name: path_provider_linux
      sha256: "2e32f1640f07caef0d3cb993680f181c79e54a3827b997d5ee221490d131fbd9"
      url: "https://pub.flutter-io.cn"
    source: hosted
    version: "2.1.8"
  path_provider_platform_interface:
    dependency: transitive
    description:
      name: path_provider_platform_interface
      sha256: f0abc8ebd7253741f05488b4813d936b4d07c6bae3e86148a09e342ee4b08e76
      url: "https://pub.flutter-io.cn"
    source: hosted
    version: "2.0.5"
  path_provider_windows:
    dependency: transitive
    description:
      name: path_provider_windows
      sha256: "1cb68ba4cd3a795033de62ba1b7b4564dace301f952de6bfb3cd91b202b6ee96"
      url: "https://pub.flutter-io.cn"
    source: hosted
    version: "2.1.7"
  pedantic:
    dependency: transitive
    description:
      name: pedantic
      sha256: "67fc27ed9639506c856c840ccce7594d0bdcd91bc8d53d6e52359449a1d50602"
      url: "https://pub.flutter-io.cn"
    source: hosted
    version: "1.11.1"
  permission_handler:
    dependency: "direct main"
    description:
      name: permission_handler
      sha256: "1b6b3e73f0bcbc856548bbdfb1c33084a401c4f143e220629a9055233d76c331"
      url: "https://pub.flutter-io.cn"
    source: hosted
    version: "10.3.0"
  permission_handler_android:
    dependency: transitive
    description:
      name: permission_handler_android
      sha256: "8028362b40c4a45298f1cbfccd227c8dd6caf0e27088a69f2ba2ab15464159e2"
      url: "https://pub.flutter-io.cn"
    source: hosted
    version: "10.2.0"
  permission_handler_apple:
    dependency: transitive
    description:
      name: permission_handler_apple
      sha256: "08dcb6ce628ac0b257e429944b4c652c2a4e6af725bdf12b498daa2c6b2b1edb"
      url: "https://pub.flutter-io.cn"
    source: hosted
    version: "9.1.0"
  permission_handler_platform_interface:
    dependency: transitive
    description:
      name: permission_handler_platform_interface
      sha256: de20a5c3269229c1ae2e5a6b822f6cb59578b23e8255c93fbeebfc82116e6b11
      url: "https://pub.flutter-io.cn"
    source: hosted
    version: "3.10.0"
  permission_handler_windows:
    dependency: transitive
    description:
      name: permission_handler_windows
      sha256: f67cab14b4328574938ecea2db3475dad7af7ead6afab6338772c5f88963e38b
      url: "https://pub.flutter-io.cn"
    source: hosted
    version: "0.1.2"
  petitparser:
    dependency: transitive
    description:
      name: petitparser
      sha256: cb3798bef7fc021ac45b308f4b51208a152792445cce0448c9a4ba5879dd8750
      url: "https://pub.flutter-io.cn"
    source: hosted
    version: "5.4.0"
  platform:
    dependency: transitive
    description:
      name: platform
      sha256: "4a451831508d7d6ca779f7ac6e212b4023dd5a7d08a27a63da33756410e32b76"
      url: "https://pub.flutter-io.cn"
    source: hosted
    version: "3.1.0"
  plugin_platform_interface:
    dependency: transitive
    description:
      name: plugin_platform_interface
      sha256: dbf0f707c78beedc9200146ad3cb0ab4d5da13c246336987be6940f026500d3a
      url: "https://pub.flutter-io.cn"
    source: hosted
    version: "2.1.3"
  pointycastle:
    dependency: transitive
    description:
      name: pointycastle
      sha256: db7306cf0249f838d1a24af52b5a5887c5bf7f31d8bb4e827d071dc0939ad346
      url: "https://pub.flutter-io.cn"
    source: hosted
    version: "3.6.2"
  process:
    dependency: transitive
    description:
      name: process
      sha256: "53fd8db9cec1d37b0574e12f07520d582019cb6c44abf5479a01505099a34a09"
      url: "https://pub.flutter-io.cn"
    source: hosted
    version: "4.2.4"
  pull_to_refresh_notification:
    dependency: "direct main"
    description:
      name: pull_to_refresh_notification
      sha256: "3f27b9695c98770db3f9f50550e5ab44a6d946d022311a55bbe6d5cd4c69a1ad"
      url: "https://pub.flutter-io.cn"
    source: hosted
    version: "3.0.1"
  rxdart:
    dependency: transitive
    description:
      name: rxdart
      sha256: "0c7c0cedd93788d996e33041ffecda924cc54389199cde4e6a34b440f50044cb"
      url: "https://pub.flutter-io.cn"
    source: hosted
    version: "0.27.7"
  scrollable_list_tab_scroller:
    dependency: "direct main"
    description:
      name: scrollable_list_tab_scroller
      sha256: "4f2567d4b18fe957a32db5d2fb938d999770ad809b61676486f0ed63c7720e70"
      url: "https://pub.flutter-io.cn"
    source: hosted
    version: "1.1.0"
  scrollable_positioned_list:
    dependency: transitive
    description:
      name: scrollable_positioned_list
      sha256: "1b54d5f1329a1e263269abc9e2543d90806131aa14fe7c6062a8054d57249287"
      url: "https://pub.flutter-io.cn"
    source: hosted
    version: "0.3.8"
  scrolls_to_top:
    dependency: transitive
    description:
      name: scrolls_to_top
      sha256: e34b72b8322d5b925e6bf4793134893a8f2260e45bce6bf3046f756a54c4eecd
      url: "https://pub.flutter-io.cn"
    source: hosted
    version: "1.1.1"
  shared_preferences:
    dependency: transitive
    description:
      name: shared_preferences
      sha256: "396f85b8afc6865182610c0a2fc470853d56499f75f7499e2a73a9f0539d23d0"
      url: "https://pub.flutter-io.cn"
    source: hosted
    version: "2.1.2"
  shared_preferences_android:
    dependency: transitive
    description:
      name: shared_preferences_android
      sha256: "6478c6bbbecfe9aced34c483171e90d7c078f5883558b30ec3163cf18402c749"
      url: "https://pub.flutter-io.cn"
    source: hosted
    version: "2.1.4"
  shared_preferences_foundation:
    dependency: transitive
    description:
      name: shared_preferences_foundation
      sha256: e014107bb79d6d3297196f4f2d0db54b5d1f85b8ea8ff63b8e8b391a02700feb
      url: "https://pub.flutter-io.cn"
    source: hosted
    version: "2.2.2"
  shared_preferences_linux:
    dependency: transitive
    description:
      name: shared_preferences_linux
      sha256: "9d387433ca65717bbf1be88f4d5bb18f10508917a8fa2fb02e0fd0d7479a9afa"
      url: "https://pub.flutter-io.cn"
    source: hosted
    version: "2.2.0"
  shared_preferences_platform_interface:
    dependency: transitive
    description:
      name: shared_preferences_platform_interface
      sha256: "23b052f17a25b90ff2b61aad4cc962154da76fb62848a9ce088efe30d7c50ab1"
      url: "https://pub.flutter-io.cn"
    source: hosted
    version: "2.3.0"
  shared_preferences_web:
    dependency: transitive
    description:
      name: shared_preferences_web
      sha256: "74083203a8eae241e0de4a0d597dbedab3b8fef5563f33cf3c12d7e93c655ca5"
      url: "https://pub.flutter-io.cn"
    source: hosted
    version: "2.1.0"
  shared_preferences_windows:
    dependency: transitive
    description:
      name: shared_preferences_windows
      sha256: "5e588e2efef56916a3b229c3bfe81e6a525665a454519ca51dbcc4236a274173"
      url: "https://pub.flutter-io.cn"
    source: hosted
    version: "2.2.0"
  shimmer:
    dependency: "direct main"
    description:
      name: shimmer
      sha256: "5f88c883a22e9f9f299e5ba0e4f7e6054857224976a5d9f839d4ebdc94a14ac9"
      url: "https://pub.flutter-io.cn"
    source: hosted
    version: "3.0.0"
  sky_engine:
    dependency: transitive
    description: flutter
    source: sdk
    version: "0.0.99"
  source_span:
    dependency: transitive
    description:
      name: source_span
      sha256: dd904f795d4b4f3b870833847c461801f6750a9fa8e61ea5ac53f9422b31f250
      url: "https://pub.flutter-io.cn"
    source: hosted
    version: "1.9.1"
  sqflite:
    dependency: transitive
    description:
      name: sqflite
      sha256: "78324387dc81df14f78df06019175a86a2ee0437624166c382e145d0a7fd9a4f"
      url: "https://pub.flutter-io.cn"
    source: hosted
    version: "2.2.4+1"
  sqflite_common:
    dependency: transitive
    description:
      name: sqflite_common
      sha256: bfd6973aaeeb93475bc0d875ac9aefddf7965ef22ce09790eb963992ffc5183f
      url: "https://pub.flutter-io.cn"
    source: hosted
    version: "2.4.2+2"
  stack_trace:
    dependency: transitive
    description:
      name: stack_trace
      sha256: c3c7d8edb15bee7f0f74debd4b9c5f3c2ea86766fe4178eb2a18eb30a0bdaed5
      url: "https://pub.flutter-io.cn"
    source: hosted
    version: "1.11.0"
  stream_channel:
    dependency: transitive
    description:
      name: stream_channel
      sha256: "83615bee9045c1d322bbbd1ba209b7a749c2cbcdcb3fdd1df8eb488b3279c1c8"
      url: "https://pub.flutter-io.cn"
    source: hosted
    version: "2.1.1"
  string_scanner:
    dependency: transitive
    description:
      name: string_scanner
      sha256: "556692adab6cfa87322a115640c11f13cb77b3f076ddcc5d6ae3c20242bedcde"
      url: "https://pub.flutter-io.cn"
    source: hosted
    version: "1.2.0"
  synchronized:
    dependency: transitive
    description:
      name: synchronized
      sha256: "33b31b6beb98100bf9add464a36a8dd03eb10c7a8cf15aeec535e9b054aaf04b"
      url: "https://pub.flutter-io.cn"
    source: hosted
    version: "3.0.1"
  term_glyph:
    dependency: transitive
    description:
      name: term_glyph
      sha256: a29248a84fbb7c79282b40b8c72a1209db169a2e0542bce341da992fe1bc7e84
      url: "https://pub.flutter-io.cn"
    source: hosted
    version: "1.2.1"
  test_api:
    dependency: transitive
    description:
      name: test_api
      sha256: eb6ac1540b26de412b3403a163d919ba86f6a973fe6cc50ae3541b80092fdcfb
      url: "https://pub.flutter-io.cn"
    source: hosted
    version: "0.5.1"
  typed_data:
    dependency: transitive
    description:
      name: typed_data
      sha256: "26f87ade979c47a150c9eaab93ccd2bebe70a27dc0b4b29517f2904f04eb11a5"
      url: "https://pub.flutter-io.cn"
    source: hosted
    version: "1.3.1"
  universal_io:
    dependency: transitive
    description:
      name: universal_io
      sha256: "1722b2dcc462b4b2f3ee7d188dad008b6eb4c40bbd03a3de451d82c78bba9aad"
      url: "https://pub.flutter-io.cn"
    source: hosted
    version: "2.2.2"
  url_launcher:
    dependency: "direct main"
    description:
      name: url_launcher
      sha256: eb1e00ab44303d50dd487aab67ebc575456c146c6af44422f9c13889984c00f3
      url: "https://pub.flutter-io.cn"
    source: hosted
    version: "6.1.11"
  url_launcher_android:
    dependency: transitive
    description:
      name: url_launcher_android
      sha256: "3e2f6dfd2c7d9cd123296cab8ef66cfc2c1a13f5845f42c7a0f365690a8a7dd1"
      url: "https://pub.flutter-io.cn"
    source: hosted
    version: "6.0.23"
  url_launcher_ios:
    dependency: transitive
    description:
      name: url_launcher_ios
      sha256: "0a5af0aefdd8cf820dd739886efb1637f1f24489900204f50984634c07a54815"
      url: "https://pub.flutter-io.cn"
    source: hosted
    version: "6.1.0"
  url_launcher_linux:
    dependency: transitive
    description:
      name: url_launcher_linux
      sha256: "318c42cba924e18180c029be69caf0a1a710191b9ec49bb42b5998fdcccee3cc"
      url: "https://pub.flutter-io.cn"
    source: hosted
    version: "3.0.2"
  url_launcher_macos:
    dependency: transitive
    description:
      name: url_launcher_macos
      sha256: "41988b55570df53b3dd2a7fc90c76756a963de6a8c5f8e113330cb35992e2094"
      url: "https://pub.flutter-io.cn"
    source: hosted
    version: "3.0.2"
  url_launcher_platform_interface:
    dependency: transitive
    description:
      name: url_launcher_platform_interface
      sha256: "4eae912628763eb48fc214522e58e942fd16ce195407dbf45638239523c759a6"
      url: "https://pub.flutter-io.cn"
    source: hosted
    version: "2.1.1"
  url_launcher_web:
    dependency: transitive
    description:
      name: url_launcher_web
      sha256: "44d79408ce9f07052095ef1f9a693c258d6373dc3944249374e30eff7219ccb0"
      url: "https://pub.flutter-io.cn"
    source: hosted
    version: "2.0.14"
  url_launcher_windows:
    dependency: transitive
    description:
      name: url_launcher_windows
      sha256: b6217370f8eb1fd85c8890c539f5a639a01ab209a36db82c921ebeacefc7a615
      url: "https://pub.flutter-io.cn"
    source: hosted
    version: "3.0.3"
  uuid:
    dependency: transitive
    description:
      name: uuid
      sha256: "648e103079f7c64a36dc7d39369cabb358d377078a051d6ae2ad3aa539519313"
      url: "https://pub.flutter-io.cn"
    source: hosted
    version: "3.0.7"
  vector_math:
    dependency: transitive
    description:
      name: vector_math
      sha256: "80b3257d1492ce4d091729e3a67a60407d227c27241d6927be0130c98e741803"
      url: "https://pub.flutter-io.cn"
    source: hosted
    version: "2.1.4"
  visibility_detector:
    dependency: transitive
    description:
      name: visibility_detector
      sha256: dd5cc11e13494f432d15939c3aa8ae76844c42b723398643ce9addb88a5ed420
      url: "https://pub.flutter-io.cn"
    source: hosted
    version: "0.4.0+2"
  waterfall_flow:
    dependency: "direct main"
    description:
      name: waterfall_flow
      sha256: "84486ac34f51977176990ada50b44d83be24726814fa03c22c1e10e3791cc3f2"
      url: "https://pub.flutter-io.cn"
    source: hosted
    version: "3.0.2"
  webview_flutter:
    dependency: "direct main"
    description:
      name: webview_flutter
      sha256: "789d52bd789373cc1e100fb634af2127e86c99cf9abde09499743270c5de8d00"
      url: "https://pub.flutter-io.cn"
    source: hosted
    version: "4.2.2"
  webview_flutter_android:
    dependency: transitive
    description:
      name: webview_flutter_android
      sha256: da98c8cdaebea4cf89481853f37ca93ccc8d31fc386f5b3c928aea3b6e83268c
      url: "https://pub.flutter-io.cn"
    source: hosted
    version: "3.3.0"
  webview_flutter_platform_interface:
    dependency: transitive
    description:
      name: webview_flutter_platform_interface
      sha256: "656e2aeaef318900fffd21468b6ddc7958c7092a642f0e7220bac328b70d4a81"
      url: "https://pub.flutter-io.cn"
    source: hosted
    version: "2.3.1"
  webview_flutter_wkwebview:
    dependency: transitive
    description:
      name: webview_flutter_wkwebview
      sha256: dcd9ad0ef0f608f399d7a54d0b289597385e59a89f04983a672b9348faddfd98
      url: "https://pub.flutter-io.cn"
    source: hosted
    version: "3.1.0"
  win32:
    dependency: transitive
    description:
      name: win32
      sha256: "7dacfda1edcca378031db9905ad7d7bd56b29fd1a90b0908b71a52a12c41e36b"
      url: "https://pub.flutter-io.cn"
    source: hosted
    version: "5.0.3"
  xdg_directories:
    dependency: transitive
    description:
      name: xdg_directories
      sha256: ee1505df1426458f7f60aac270645098d318a8b4766d85fde75f76f2e21807d1
      url: "https://pub.flutter-io.cn"
    source: hosted
    version: "1.0.0"
  xml:
    dependency: transitive
    description:
      name: xml
      sha256: "5bc72e1e45e941d825fd7468b9b4cc3b9327942649aeb6fc5cdbf135f0a86e84"
      url: "https://pub.flutter-io.cn"
    source: hosted
    version: "6.3.0"
  yaml:
    dependency: transitive
    description:
      name: yaml
      sha256: "75769501ea3489fca56601ff33454fe45507ea3bfb014161abc3b43ae25989d5"
      url: "https://pub.flutter-io.cn"
    source: hosted
    version: "3.1.2"
sdks:
  dart: ">=3.0.0 <4.0.0"
  flutter: ">=3.10.0"
